
Microsoft Visual Studio Solution File, Format Version 12.00
# Visual Studio Version 16
VisualStudioVersion = 16.0.30128.74
MinimumVisualStudioVersion = 10.0.40219.1
Project("{9A19103F-16F7-4668-BE54-9A1E7A4F7556}") = "Invoices.Shared", "Invoices.Shared\Invoices.Shared.csproj", "{F6CAC21F-2CF2-484D-913C-204C0A04C417}"
EndProject
Project("{9A19103F-16F7-4668-BE54-9A1E7A4F7556}") = "Invoices.Identity", "Invoices.Identity\Invoices.Identity.csproj", "{752C9EB4-F318-4E14-967B-6DFF1DCC72F6}"
EndProject
Project("{9A19103F-16F7-4668-BE54-9A1E7A4F7556}") = "Invoices.Logger", "Invoices.Logger\Invoices.Logger.csproj", "{EDF1DF3A-7925-44E4-B4E4-221CF5C2FFD6}"
EndProject
Project("{9A19103F-16F7-4668-BE54-9A1E7A4F7556}") = "Invoices.Management", "Invoices.Management\Invoices.Management.csproj", "{65E45789-8341-499A-BE75-54BF6E5E59F5}"
EndProject
Project("{9A19103F-16F7-4668-BE54-9A1E7A4F7556}") = "Invoices.Notifications", "Invoices.Notifications\Invoices.Notifications.csproj", "{A5C3E242-8B18-4F4F-953B-21954F5CB75A}"
EndProject
Global
	GlobalSection(SolutionConfigurationPlatforms) = preSolution
		Debug|Any CPU = Debug|Any CPU
		Release|Any CPU = Release|Any CPU
	EndGlobalSection
	GlobalSection(ProjectConfigurationPlatforms) = postSolution
		{F6CAC21F-2CF2-484D-913C-204C0A04C417}.Debug|Any CPU.ActiveCfg = Debug|Any CPU
		{F6CAC21F-2CF2-484D-913C-204C0A04C417}.Debug|Any CPU.Build.0 = Debug|Any CPU
		{F6CAC21F-2CF2-484D-913C-204C0A04C417}.Release|Any CPU.ActiveCfg = Release|Any CPU
		{F6CAC21F-2CF2-484D-913C-204C0A04C417}.Release|Any CPU.Build.0 = Release|Any CPU
		{752C9EB4-F318-4E14-967B-6DFF1DCC72F6}.Debug|Any CPU.ActiveCfg = Debug|Any CPU
		{752C9EB4-F318-4E14-967B-6DFF1DCC72F6}.Debug|Any CPU.Build.0 = Debug|Any CPU
		{752C9EB4-F318-4E14-967B-6DFF1DCC72F6}.Release|Any CPU.ActiveCfg = Release|Any CPU
		{752C9EB4-F318-4E14-967B-6DFF1DCC72F6}.Release|Any CPU.Build.0 = Release|Any CPU
		{EDF1DF3A-7925-44E4-B4E4-221CF5C2FFD6}.Debug|Any CPU.ActiveCfg = Debug|Any CPU
		{EDF1DF3A-7925-44E4-B4E4-221CF5C2FFD6}.Debug|Any CPU.Build.0 = Debug|Any CPU
		{EDF1DF3A-7925-44E4-B4E4-221CF5C2FFD6}.Release|Any CPU.ActiveCfg = Release|Any CPU
		{EDF1DF3A-7925-44E4-B4E4-221CF5C2FFD6}.Release|Any CPU.Build.0 = Release|Any CPU
		{65E45789-8341-499A-BE75-54BF6E5E59F5}.Debug|Any CPU.ActiveCfg = Debug|Any CPU
		{65E45789-8341-499A-BE75-54BF6E5E59F5}.Debug|Any CPU.Build.0 = Debug|Any CPU
		{65E45789-8341-499A-BE75-54BF6E5E59F5}.Release|Any CPU.ActiveCfg = Release|Any CPU
		{65E45789-8341-499A-BE75-54BF6E5E59F5}.Release|Any CPU.Build.0 = Release|Any CPU
		{A5C3E242-8B18-4F4F-953B-21954F5CB75A}.Debug|Any CPU.ActiveCfg = Debug|Any CPU
		{A5C3E242-8B18-4F4F-953B-21954F5CB75A}.Debug|Any CPU.Build.0 = Debug|Any CPU
		{A5C3E242-8B18-4F4F-953B-21954F5CB75A}.Release|Any CPU.ActiveCfg = Release|Any CPU
		{A5C3E242-8B18-4F4F-953B-21954F5CB75A}.Release|Any CPU.Build.0 = Release|Any CPU
	EndGlobalSection
	GlobalSection(SolutionProperties) = preSolution
		HideSolutionNode = FALSE
	EndGlobalSection
	GlobalSection(ExtensibilityGlobals) = postSolution
		SolutionGuid = {232461B4-03A2-43F5-9F11-6426E57D319D}
	EndGlobalSection
EndGlobal
